
Microsoft Visual Studio Solution File, Format Version 12.00
# Visual Studio 15
VisualStudioVersion = 15.0.27130.2003
MinimumVisualStudioVersion = 10.0.40219.1
Project("{FAE04EC0-301F-11D3-BF4B-00C04F79EFBC}") = "ConsoleApp", "ConsoleApp\ConsoleApp.csproj", "{12B30241-4EF2-4387-A9DD-8B5F29CB287E}"
EndProject
Project("{FAE04EC0-301F-11D3-BF4B-00C04F79EFBC}") = "ConsoleTesting", "ConsoleTesting\ConsoleTesting.csproj", "{0FD8DDBA-E9E2-4DF1-AFEE-068BC0A90096}"
EndProject
Project("{FAE04EC0-301F-11D3-BF4B-00C04F79EFBC}") = "UWPTesting", "UWPTesting\UWPTesting.csproj", "{55F326F4-98E8-4D2B-BE2F-2A46B2C508C4}"
EndProject
Project("{FAE04EC0-301F-11D3-BF4B-00C04F79EFBC}") = "WPFTesting", "WPFTesting\WPFTesting.csproj", "{FDCA6AC3-A926-4A3A-8E5E-9B288A207D41}"
EndProject
Project("{FAE04EC0-301F-11D3-BF4B-00C04F79EFBC}") = "MVVMTesting", "MVVMTesting\MVVMTesting.csproj", "{0535F83E-9098-4311-B12F-11A88E067FB7}"
EndProject
Project("{FAE04EC0-301F-11D3-BF4B-00C04F79EFBC}") = "MVVMTestingWPF", "MVVMTestingWPF\MVVMTestingWPF.csproj", "{00C7666F-946B-4C89-BB9C-B1ED08131E22}"
EndProject
Project("{FAE04EC0-301F-11D3-BF4B-00C04F79EFBC}") = "UWPWeatherApp", "UWPWeatherApp\UWPWeatherApp.csproj", "{168724C4-717A-4DEA-BE28-8D048A134BF8}"
EndProject
Global
	GlobalSection(SolutionConfigurationPlatforms) = preSolution
		Debug|Any CPU = Debug|Any CPU
		Debug|ARM = Debug|ARM
		Debug|x64 = Debug|x64
		Debug|x86 = Debug|x86
		Release|Any CPU = Release|Any CPU
		Release|ARM = Release|ARM
		Release|x64 = Release|x64
		Release|x86 = Release|x86
	EndGlobalSection
	GlobalSection(ProjectConfigurationPlatforms) = postSolution
		{12B30241-4EF2-4387-A9DD-8B5F29CB287E}.Debug|Any CPU.ActiveCfg = Debug|Any CPU
		{12B30241-4EF2-4387-A9DD-8B5F29CB287E}.Debug|Any CPU.Build.0 = Debug|Any CPU
		{12B30241-4EF2-4387-A9DD-8B5F29CB287E}.Debug|ARM.ActiveCfg = Debug|Any CPU
		{12B30241-4EF2-4387-A9DD-8B5F29CB287E}.Debug|ARM.Build.0 = Debug|Any CPU
		{12B30241-4EF2-4387-A9DD-8B5F29CB287E}.Debug|x64.ActiveCfg = Debug|Any CPU
		{12B30241-4EF2-4387-A9DD-8B5F29CB287E}.Debug|x64.Build.0 = Debug|Any CPU
		{12B30241-4EF2-4387-A9DD-8B5F29CB287E}.Debug|x86.ActiveCfg = Debug|Any CPU
		{12B30241-4EF2-4387-A9DD-8B5F29CB287E}.Debug|x86.Build.0 = Debug|Any CPU
		{12B30241-4EF2-4387-A9DD-8B5F29CB287E}.Release|Any CPU.ActiveCfg = Release|Any CPU
		{12B30241-4EF2-4387-A9DD-8B5F29CB287E}.Release|Any CPU.Build.0 = Release|Any CPU
		{12B30241-4EF2-4387-A9DD-8B5F29CB287E}.Release|ARM.ActiveCfg = Release|Any CPU
		{12B30241-4EF2-4387-A9DD-8B5F29CB287E}.Release|ARM.Build.0 = Release|Any CPU
		{12B30241-4EF2-4387-A9DD-8B5F29CB287E}.Release|x64.ActiveCfg = Release|Any CPU
		{12B30241-4EF2-4387-A9DD-8B5F29CB287E}.Release|x64.Build.0 = Release|Any CPU
		{12B30241-4EF2-4387-A9DD-8B5F29CB287E}.Release|x86.ActiveCfg = Release|Any CPU
		{12B30241-4EF2-4387-A9DD-8B5F29CB287E}.Release|x86.Build.0 = Release|Any CPU
		{0FD8DDBA-E9E2-4DF1-AFEE-068BC0A90096}.Debug|Any CPU.ActiveCfg = Debug|Any CPU
		{0FD8DDBA-E9E2-4DF1-AFEE-068BC0A90096}.Debug|Any CPU.Build.0 = Debug|Any CPU
		{0FD8DDBA-E9E2-4DF1-AFEE-068BC0A90096}.Debug|ARM.ActiveCfg = Debug|Any CPU
		{0FD8DDBA-E9E2-4DF1-AFEE-068BC0A90096}.Debug|ARM.Build.0 = Debug|Any CPU
		{0FD8DDBA-E9E2-4DF1-AFEE-068BC0A90096}.Debug|x64.ActiveCfg = Debug|Any CPU
		{0FD8DDBA-E9E2-4DF1-AFEE-068BC0A90096}.Debug|x64.Build.0 = Debug|Any CPU
		{0FD8DDBA-E9E2-4DF1-AFEE-068BC0A90096}.Debug|x86.ActiveCfg = Debug|Any CPU
		{0FD8DDBA-E9E2-4DF1-AFEE-068BC0A90096}.Debug|x86.Build.0 = Debug|Any CPU
		{0FD8DDBA-E9E2-4DF1-AFEE-068BC0A90096}.Release|Any CPU.ActiveCfg = Release|Any CPU
		{0FD8DDBA-E9E2-4DF1-AFEE-068BC0A90096}.Release|Any CPU.Build.0 = Release|Any CPU
		{0FD8DDBA-E9E2-4DF1-AFEE-068BC0A90096}.Release|ARM.ActiveCfg = Release|Any CPU
		{0FD8DDBA-E9E2-4DF1-AFEE-068BC0A90096}.Release|ARM.Build.0 = Release|Any CPU
		{0FD8DDBA-E9E2-4DF1-AFEE-068BC0A90096}.Release|x64.ActiveCfg = Release|Any CPU
		{0FD8DDBA-E9E2-4DF1-AFEE-068BC0A90096}.Release|x64.Build.0 = Release|Any CPU
		{0FD8DDBA-E9E2-4DF1-AFEE-068BC0A90096}.Release|x86.ActiveCfg = Release|Any CPU
		{0FD8DDBA-E9E2-4DF1-AFEE-068BC0A90096}.Release|x86.Build.0 = Release|Any CPU
		{55F326F4-98E8-4D2B-BE2F-2A46B2C508C4}.Debug|Any CPU.ActiveCfg = Debug|x86
		{55F326F4-98E8-4D2B-BE2F-2A46B2C508C4}.Debug|ARM.ActiveCfg = Debug|ARM
		{55F326F4-98E8-4D2B-BE2F-2A46B2C508C4}.Debug|ARM.Build.0 = Debug|ARM
		{55F326F4-98E8-4D2B-BE2F-2A46B2C508C4}.Debug|ARM.Deploy.0 = Debug|ARM
		{55F326F4-98E8-4D2B-BE2F-2A46B2C508C4}.Debug|x64.ActiveCfg = Debug|x64
		{55F326F4-98E8-4D2B-BE2F-2A46B2C508C4}.Debug|x64.Build.0 = Debug|x64
		{55F326F4-98E8-4D2B-BE2F-2A46B2C508C4}.Debug|x64.Deploy.0 = Debug|x64
		{55F326F4-98E8-4D2B-BE2F-2A46B2C508C4}.Debug|x86.ActiveCfg = Debug|x86
		{55F326F4-98E8-4D2B-BE2F-2A46B2C508C4}.Debug|x86.Build.0 = Debug|x86
		{55F326F4-98E8-4D2B-BE2F-2A46B2C508C4}.Debug|x86.Deploy.0 = Debug|x86
		{55F326F4-98E8-4D2B-BE2F-2A46B2C508C4}.Release|Any CPU.ActiveCfg = Release|x86
		{55F326F4-98E8-4D2B-BE2F-2A46B2C508C4}.Release|ARM.ActiveCfg = Release|ARM
		{55F326F4-98E8-4D2B-BE2F-2A46B2C508C4}.Release|ARM.Build.0 = Release|ARM
		{55F326F4-98E8-4D2B-BE2F-2A46B2C508C4}.Release|ARM.Deploy.0 = Release|ARM
		{55F326F4-98E8-4D2B-BE2F-2A46B2C508C4}.Release|x64.ActiveCfg = Release|x64
		{55F326F4-98E8-4D2B-BE2F-2A46B2C508C4}.Release|x64.Build.0 = Release|x64
		{55F326F4-98E8-4D2B-BE2F-2A46B2C508C4}.Release|x64.Deploy.0 = Release|x64
		{55F326F4-98E8-4D2B-BE2F-2A46B2C508C4}.Release|x86.ActiveCfg = Release|x86
		{55F326F4-98E8-4D2B-BE2F-2A46B2C508C4}.Release|x86.Build.0 = Release|x86
		{55F326F4-98E8-4D2B-BE2F-2A46B2C508C4}.Release|x86.Deploy.0 = Release|x86
		{FDCA6AC3-A926-4A3A-8E5E-9B288A207D41}.Debug|Any CPU.ActiveCfg = Debug|Any CPU
		{FDCA6AC3-A926-4A3A-8E5E-9B288A207D41}.Debug|Any CPU.Build.0 = Debug|Any CPU
		{FDCA6AC3-A926-4A3A-8E5E-9B288A207D41}.Debug|ARM.ActiveCfg = Debug|Any CPU
		{FDCA6AC3-A926-4A3A-8E5E-9B288A207D41}.Debug|ARM.Build.0 = Debug|Any CPU
		{FDCA6AC3-A926-4A3A-8E5E-9B288A207D41}.Debug|x64.ActiveCfg = Debug|Any CPU
		{FDCA6AC3-A926-4A3A-8E5E-9B288A207D41}.Debug|x64.Build.0 = Debug|Any CPU
		{FDCA6AC3-A926-4A3A-8E5E-9B288A207D41}.Debug|x86.ActiveCfg = Debug|Any CPU
		{FDCA6AC3-A926-4A3A-8E5E-9B288A207D41}.Debug|x86.Build.0 = Debug|Any CPU
		{FDCA6AC3-A926-4A3A-8E5E-9B288A207D41}.Release|Any CPU.ActiveCfg = Release|Any CPU
		{FDCA6AC3-A926-4A3A-8E5E-9B288A207D41}.Release|Any CPU.Build.0 = Release|Any CPU
		{FDCA6AC3-A926-4A3A-8E5E-9B288A207D41}.Release|ARM.ActiveCfg = Release|Any CPU
		{FDCA6AC3-A926-4A3A-8E5E-9B288A207D41}.Release|ARM.Build.0 = Release|Any CPU
		{FDCA6AC3-A926-4A3A-8E5E-9B288A207D41}.Release|x64.ActiveCfg = Release|Any CPU
		{FDCA6AC3-A926-4A3A-8E5E-9B288A207D41}.Release|x64.Build.0 = Release|Any CPU
		{FDCA6AC3-A926-4A3A-8E5E-9B288A207D41}.Release|x86.ActiveCfg = Release|Any CPU
		{FDCA6AC3-A926-4A3A-8E5E-9B288A207D41}.Release|x86.Build.0 = Release|Any CPU
		{0535F83E-9098-4311-B12F-11A88E067FB7}.Debug|Any CPU.ActiveCfg = Debug|x86
		{0535F83E-9098-4311-B12F-11A88E067FB7}.Debug|ARM.ActiveCfg = Debug|ARM
		{0535F83E-9098-4311-B12F-11A88E067FB7}.Debug|ARM.Build.0 = Debug|ARM
		{0535F83E-9098-4311-B12F-11A88E067FB7}.Debug|ARM.Deploy.0 = Debug|ARM
		{0535F83E-9098-4311-B12F-11A88E067FB7}.Debug|x64.ActiveCfg = Debug|x64
		{0535F83E-9098-4311-B12F-11A88E067FB7}.Debug|x64.Build.0 = Debug|x64
		{0535F83E-9098-4311-B12F-11A88E067FB7}.Debug|x64.Deploy.0 = Debug|x64
		{0535F83E-9098-4311-B12F-11A88E067FB7}.Debug|x86.ActiveCfg = Debug|x86
		{0535F83E-9098-4311-B12F-11A88E067FB7}.Debug|x86.Build.0 = Debug|x86
		{0535F83E-9098-4311-B12F-11A88E067FB7}.Debug|x86.Deploy.0 = Debug|x86
		{0535F83E-9098-4311-B12F-11A88E067FB7}.Release|Any CPU.ActiveCfg = Release|x86
		{0535F83E-9098-4311-B12F-11A88E067FB7}.Release|ARM.ActiveCfg = Release|ARM
		{0535F83E-9098-4311-B12F-11A88E067FB7}.Release|ARM.Build.0 = Release|ARM
		{0535F83E-9098-4311-B12F-11A88E067FB7}.Release|ARM.Deploy.0 = Release|ARM
		{0535F83E-9098-4311-B12F-11A88E067FB7}.Release|x64.ActiveCfg = Release|x64
		{0535F83E-9098-4311-B12F-11A88E067FB7}.Release|x64.Build.0 = Release|x64
		{0535F83E-9098-4311-B12F-11A88E067FB7}.Release|x64.Deploy.0 = Release|x64
		{0535F83E-9098-4311-B12F-11A88E067FB7}.Release|x86.ActiveCfg = Release|x86
		{0535F83E-9098-4311-B12F-11A88E067FB7}.Release|x86.Build.0 = Release|x86
		{0535F83E-9098-4311-B12F-11A88E067FB7}.Release|x86.Deploy.0 = Release|x86
		{00C7666F-946B-4C89-BB9C-B1ED08131E22}.Debug|Any CPU.ActiveCfg = Debug|Any CPU
		{00C7666F-946B-4C89-BB9C-B1ED08131E22}.Debug|Any CPU.Build.0 = Debug|Any CPU
		{00C7666F-946B-4C89-BB9C-B1ED08131E22}.Debug|ARM.ActiveCfg = Debug|Any CPU
		{00C7666F-946B-4C89-BB9C-B1ED08131E22}.Debug|ARM.Build.0 = Debug|Any CPU
		{00C7666F-946B-4C89-BB9C-B1ED08131E22}.Debug|x64.ActiveCfg = Debug|Any CPU
		{00C7666F-946B-4C89-BB9C-B1ED08131E22}.Debug|x64.Build.0 = Debug|Any CPU
		{00C7666F-946B-4C89-BB9C-B1ED08131E22}.Debug|x86.ActiveCfg = Debug|Any CPU
		{00C7666F-946B-4C89-BB9C-B1ED08131E22}.Debug|x86.Build.0 = Debug|Any CPU
		{00C7666F-946B-4C89-BB9C-B1ED08131E22}.Release|Any CPU.ActiveCfg = Release|Any CPU
		{00C7666F-946B-4C89-BB9C-B1ED08131E22}.Release|Any CPU.Build.0 = Release|Any CPU
		{00C7666F-946B-4C89-BB9C-B1ED08131E22}.Release|ARM.ActiveCfg = Release|Any CPU
		{00C7666F-946B-4C89-BB9C-B1ED08131E22}.Release|ARM.Build.0 = Release|Any CPU
		{00C7666F-946B-4C89-BB9C-B1ED08131E22}.Release|x64.ActiveCfg = Release|Any CPU
		{00C7666F-946B-4C89-BB9C-B1ED08131E22}.Release|x64.Build.0 = Release|Any CPU
		{00C7666F-946B-4C89-BB9C-B1ED08131E22}.Release|x86.ActiveCfg = Release|Any CPU
		{00C7666F-946B-4C89-BB9C-B1ED08131E22}.Release|x86.Build.0 = Release|Any CPU
		{168724C4-717A-4DEA-BE28-8D048A134BF8}.Debug|Any CPU.ActiveCfg = Debug|x86
		{168724C4-717A-4DEA-BE28-8D048A134BF8}.Debug|ARM.ActiveCfg = Debug|ARM
		{168724C4-717A-4DEA-BE28-8D048A134BF8}.Debug|ARM.Build.0 = Debug|ARM
		{168724C4-717A-4DEA-BE28-8D048A134BF8}.Debug|ARM.Deploy.0 = Debug|ARM
		{168724C4-717A-4DEA-BE28-8D048A134BF8}.Debug|x64.ActiveCfg = Debug|x64
		{168724C4-717A-4DEA-BE28-8D048A134BF8}.Debug|x64.Build.0 = Debug|x64
		{168724C4-717A-4DEA-BE28-8D048A134BF8}.Debug|x64.Deploy.0 = Debug|x64
		{168724C4-717A-4DEA-BE28-8D048A134BF8}.Debug|x86.ActiveCfg = Debug|x86
		{168724C4-717A-4DEA-BE28-8D048A134BF8}.Debug|x86.Build.0 = Debug|x86
		{168724C4-717A-4DEA-BE28-8D048A134BF8}.Debug|x86.Deploy.0 = Debug|x86
		{168724C4-717A-4DEA-BE28-8D048A134BF8}.Release|Any CPU.ActiveCfg = Release|x86
		{168724C4-717A-4DEA-BE28-8D048A134BF8}.Release|ARM.ActiveCfg = Release|ARM
		{168724C4-717A-4DEA-BE28-8D048A134BF8}.Release|ARM.Build.0 = Release|ARM
		{168724C4-717A-4DEA-BE28-8D048A134BF8}.Release|ARM.Deploy.0 = Release|ARM
		{168724C4-717A-4DEA-BE28-8D048A134BF8}.Release|x64.ActiveCfg = Release|x64
		{168724C4-717A-4DEA-BE28-8D048A134BF8}.Release|x64.Build.0 = Release|x64
		{168724C4-717A-4DEA-BE28-8D048A134BF8}.Release|x64.Deploy.0 = Release|x64
		{168724C4-717A-4DEA-BE28-8D048A134BF8}.Release|x86.ActiveCfg = Release|x86
		{168724C4-717A-4DEA-BE28-8D048A134BF8}.Release|x86.Build.0 = Release|x86
		{168724C4-717A-4DEA-BE28-8D048A134BF8}.Release|x86.Deploy.0 = Release|x86
	EndGlobalSection
	GlobalSection(SolutionProperties) = preSolution
		HideSolutionNode = FALSE
	EndGlobalSection
	GlobalSection(ExtensibilityGlobals) = postSolution
		SolutionGuid = {61DAE1B1-71CE-420E-8B09-007093E42E4C}
	EndGlobalSection
EndGlobal
